
Microsoft Visual Studio Solution File, Format Version 12.00
# Visual Studio 2013
VisualStudioVersion = 12.0.21005.1
MinimumVisualStudioVersion = 10.0.40219.1
Project("{FAE04EC0-301F-11D3-BF4B-00C04F79EFBC}") = "委托示例", "委托示例\委托示例.csproj", "{F1BE27B9-FA0E-4861-9F3F-4C5E81D4500C}"
EndProject
Project("{FAE04EC0-301F-11D3-BF4B-00C04F79EFBC}") = "委托实现通用冒泡排序", "委托实现通用冒泡排序\委托实现通用冒泡排序.csproj", "{630548BD-1D64-453D-ABC3-BEFD823CF5B5}"
EndProject
Global
	GlobalSection(SolutionConfigurationPlatforms) = preSolution
		Debug|Any CPU = Debug|Any CPU
		Release|Any CPU = Release|Any CPU
	EndGlobalSection
	GlobalSection(ProjectConfigurationPlatforms) = postSolution
		{F1BE27B9-FA0E-4861-9F3F-4C5E81D4500C}.Debug|Any CPU.ActiveCfg = Debug|Any CPU
		{F1BE27B9-FA0E-4861-9F3F-4C5E81D4500C}.Debug|Any CPU.Build.0 = Debug|Any CPU
		{F1BE27B9-FA0E-4861-9F3F-4C5E81D4500C}.Release|Any CPU.ActiveCfg = Release|Any CPU
		{F1BE27B9-FA0E-4861-9F3F-4C5E81D4500C}.Release|Any CPU.Build.0 = Release|Any CPU
		{630548BD-1D64-453D-ABC3-BEFD823CF5B5}.Debug|Any CPU.ActiveCfg = Debug|Any CPU
		{630548BD-1D64-453D-ABC3-BEFD823CF5B5}.Debug|Any CPU.Build.0 = Debug|Any CPU
		{630548BD-1D64-453D-ABC3-BEFD823CF5B5}.Release|Any CPU.ActiveCfg = Release|Any CPU
		{630548BD-1D64-453D-ABC3-BEFD823CF5B5}.Release|Any CPU.Build.0 = Release|Any CPU
	EndGlobalSection
	GlobalSection(SolutionProperties) = preSolution
		HideSolutionNode = FALSE
	EndGlobalSection
EndGlobal
