
Microsoft Visual Studio Solution File, Format Version 12.00
# Visual Studio 2013
VisualStudioVersion = 12.0.21005.1
MinimumVisualStudioVersion = 10.0.40219.1
Project("{FAE04EC0-301F-11D3-BF4B-00C04F79EFBC}") = "计算器1", "计算器1\计算器1.csproj", "{50FDA3CD-6BFC-42C7-8276-881A6803E392}"
EndProject
Global
	GlobalSection(SolutionConfigurationPlatforms) = preSolution
		Debug|Any CPU = Debug|Any CPU
		Release|Any CPU = Release|Any CPU
	EndGlobalSection
	GlobalSection(ProjectConfigurationPlatforms) = postSolution
		{50FDA3CD-6BFC-42C7-8276-881A6803E392}.Debug|Any CPU.ActiveCfg = Debug|Any CPU
		{50FDA3CD-6BFC-42C7-8276-881A6803E392}.Debug|Any CPU.Build.0 = Debug|Any CPU
		{50FDA3CD-6BFC-42C7-8276-881A6803E392}.Release|Any CPU.ActiveCfg = Release|Any CPU
		{50FDA3CD-6BFC-42C7-8276-881A6803E392}.Release|Any CPU.Build.0 = Release|Any CPU
	EndGlobalSection
	GlobalSection(SolutionProperties) = preSolution
		HideSolutionNode = FALSE
	EndGlobalSection
EndGlobal
